
Microsoft Visual Studio Solution File, Format Version 12.00
# Visual Studio Version 17
VisualStudioVersion = 17.3.32825.248
MinimumVisualStudioVersion = 10.0.40219.1
Project("{FAE04EC0-301F-11D3-BF4B-00C04F79EFBC}") = "Deliverable4", "Deliverable4.csproj", "{C5963D4F-7AE2-4E1F-BB09-69D2FE2B47AF}"
EndProject
Global
	GlobalSection(SolutionConfigurationPlatforms) = preSolution
		Debug|Any CPU = Debug|Any CPU
		Release|Any CPU = Release|Any CPU
	EndGlobalSection
	GlobalSection(ProjectConfigurationPlatforms) = postSolution
		{C5963D4F-7AE2-4E1F-BB09-69D2FE2B47AF}.Debug|Any CPU.ActiveCfg = Debug|Any CPU
		{C5963D4F-7AE2-4E1F-BB09-69D2FE2B47AF}.Debug|Any CPU.Build.0 = Debug|Any CPU
		{C5963D4F-7AE2-4E1F-BB09-69D2FE2B47AF}.Release|Any CPU.ActiveCfg = Release|Any CPU
		{C5963D4F-7AE2-4E1F-BB09-69D2FE2B47AF}.Release|Any CPU.Build.0 = Release|Any CPU
	EndGlobalSection
	GlobalSection(SolutionProperties) = preSolution
		HideSolutionNode = FALSE
	EndGlobalSection
	GlobalSection(ExtensibilityGlobals) = postSolution
		SolutionGuid = {8985936D-EF37-47C4-A432-7074A74E0621}
	EndGlobalSection
EndGlobal
